
Microsoft Visual Studio Solution File, Format Version 12.00
# Visual Studio Version 17
VisualStudioVersion = 17.14.36408.4 d17.14
MinimumVisualStudioVersion = 10.0.40219.1
Project("{FAE04EC0-301F-11D3-BF4B-00C04F79EFBC}") = "DataStoreSample", "DataStoreSample\DataStoreSample.csproj", "{B0F48ADD-79B7-478B-8C92-C9F5E18FEDC5}"
EndProject
Global
	GlobalSection(SolutionConfigurationPlatforms) = preSolution
		Debug|Any CPU = Debug|Any CPU
		Release|Any CPU = Release|Any CPU
	EndGlobalSection
	GlobalSection(ProjectConfigurationPlatforms) = postSolution
		{B0F48ADD-79B7-478B-8C92-C9F5E18FEDC5}.Debug|Any CPU.ActiveCfg = Debug|Any CPU
		{B0F48ADD-79B7-478B-8C92-C9F5E18FEDC5}.Debug|Any CPU.Build.0 = Debug|Any CPU
		{B0F48ADD-79B7-478B-8C92-C9F5E18FEDC5}.Release|Any CPU.ActiveCfg = Release|Any CPU
		{B0F48ADD-79B7-478B-8C92-C9F5E18FEDC5}.Release|Any CPU.Build.0 = Release|Any CPU
	EndGlobalSection
	GlobalSection(SolutionProperties) = preSolution
		HideSolutionNode = FALSE
	EndGlobalSection
	GlobalSection(ExtensibilityGlobals) = postSolution
		SolutionGuid = {9E52BEEF-C822-460D-B29F-DD497103683D}
	EndGlobalSection
EndGlobal
